
Microsoft Visual Studio Solution File, Format Version 12.00
# Visual Studio 2012
Project("{2150E333-8FDC-42A3-9474-1A3956D46DE8}") = "Solution Items", "Solution Items", "{BF27E84F-9CD0-4828-80AB-244C034D2403}"
	ProjectSection(SolutionItems) = preProject
		Solution Items\DataOnboarding.snk = Solution Items\DataOnboarding.snk
		Solution Items\FxCop_Code_Rules.ruleset = Solution Items\FxCop_Code_Rules.ruleset
		Settings.stylecop = Settings.stylecop
	EndProjectSection
EndProject
Project("{2150E333-8FDC-42A3-9474-1A3956D46DE8}") = "Deployment", "Deployment", "{E8FF3710-A9EE-43E9-B9D1-6504423E80CF}"
EndProject
Project("{2150E333-8FDC-42A3-9474-1A3956D46DE8}") = "Data Sources", "Data Sources", "{8525CF6E-FF10-4788-BADF-E9ED31EFA477}"
EndProject
Project("{2150E333-8FDC-42A3-9474-1A3956D46DE8}") = ".nuget", ".nuget", "{0BD88646-3685-4A98-9915-ED6C1A45456E}"
	ProjectSection(SolutionItems) = preProject
		.nuget\NuGet.Config = .nuget\NuGet.Config
		.nuget\NuGet.exe = .nuget\NuGet.exe
		.nuget\NuGet.targets = .nuget\NuGet.targets
	EndProjectSection
EndProject
Project("{2150E333-8FDC-42A3-9474-1A3956D46DE8}") = "Tests", "Tests", "{0A14EE35-D855-4FE8-885B-6A8AD84251DF}"
EndProject
Project("{00D1A9C2-B5F0-4AF3-8072-F6C62B433612}") = "OnboardingDB", "Data Sources\OnboardingDB\OnboardingDB.sqlproj", "{999738E8-4882-49CE-AAF2-461393746066}"
EndProject
Project("{2150E333-8FDC-42A3-9474-1A3956D46DE8}") = "Common", "Common", "{6C05777E-B33D-4DE1-8CC3-6338343C9880}"
EndProject
Project("{CC5FD16D-436D-48AD-A40C-5A424C6E3E79}") = "WebApiAzureDeployment", "Deployment\WebApiAzureDeployment\WebApiAzureDeployment.ccproj", "{26615D0B-8889-42A3-ADDB-7627E22CA481}"
EndProject
Project("{CC5FD16D-436D-48AD-A40C-5A424C6E3E79}") = "WebApplicationAzureDeployment", "Deployment\WebApplicationAzureDeployment\WebApplicationAzureDeployment.ccproj", "{2C74B1B3-AF59-46FC-AEE3-F72AC23FC1E4}"
EndProject
Project("{2150E333-8FDC-42A3-9474-1A3956D46DE8}") = "Repository Adapters", "Repository Adapters", "{C7C5BEFB-3230-4DC6-AB86-C22FC300EEEB}"
EndProject
Project("{2150E333-8FDC-42A3-9474-1A3956D46DE8}") = "Models", "Models", "{DAEA2902-DC6D-4D3C-8FAB-E9A387D403DB}"
EndProject
Project("{2150E333-8FDC-42A3-9474-1A3956D46DE8}") = "API", "API", "{006967D5-AAEC-4054-851E-8EF0A61D1817}"
EndProject
Project("{2150E333-8FDC-42A3-9474-1A3956D46DE8}") = "User Interface", "User Interface", "{35C965E4-5A9F-40F5-87B6-CD85E72143DC}"
EndProject
Project("{FAE04EC0-301F-11D3-BF4B-00C04F79EFBC}") = "WebApplication", "User Interface\WebApplication\WebApplication.csproj", "{8EFE8EDF-6F25-48EE-81F8-267823D057A5}"
EndProject
Project("{FAE04EC0-301F-11D3-BF4B-00C04F79EFBC}") = "WebApi", "API\WebApi\WebApi.csproj", "{1DBA5D99-3EEA-493D-87EF-70EEBC09B20A}"
EndProject
Project("{2150E333-8FDC-42A3-9474-1A3956D46DE8}") = "Services", "Services", "{88617705-E117-4C86-AE4E-CD467269DA5E}"
EndProject
Project("{FAE04EC0-301F-11D3-BF4B-00C04F79EFBC}") = "DomainModel", "Models\DomainModel\DomainModel.csproj", "{9BC3BC63-4E32-4DEE-B5A9-37F06B6A49B7}"
EndProject
Project("{FAE04EC0-301F-11D3-BF4B-00C04F79EFBC}") = "DataAccessService", "Services\DataAccessService\DataAccessService.csproj", "{02E013E2-D27B-44D6-8173-1C2FBE8FE260}"
EndProject
Project("{FAE04EC0-301F-11D3-BF4B-00C04F79EFBC}") = "Utilities", "Common\Utilities\Utilities.csproj", "{8C279B38-EC17-4D70-8978-0F1FF8FEA308}"
EndProject
Project("{2150E333-8FDC-42A3-9474-1A3956D46DE8}") = "Common", "Common", "{4C999D75-17F7-4692-96BD-6C29EFBC3B7B}"
EndProject
Project("{FAE04EC0-301F-11D3-BF4B-00C04F79EFBC}") = "Utilities.Tests", "Tests\Common\Utilities.Tests\Utilities.Tests.csproj", "{41EB90B9-350C-425C-BE3E-08D5F963F24B}"
EndProject
Project("{2150E333-8FDC-42A3-9474-1A3956D46DE8}") = "Services", "Services", "{58EFB54D-0561-499B-A2BC-A1409AA4ACCA}"
EndProject
Project("{FAE04EC0-301F-11D3-BF4B-00C04F79EFBC}") = "DataAccessService.Tests", "Tests\Services\DataAccessService.Tests\DataAccessService.Tests.csproj", "{79631674-DC70-46A9-A2C5-B36872C34D2F}"
EndProject
Project("{FAE04EC0-301F-11D3-BF4B-00C04F79EFBC}") = "TestUtilities", "Tests\TestUtilities\TestUtilities.csproj", "{BB7F0370-2B54-4340-9C78-10813BC4CF7D}"
EndProject
Project("{FAE04EC0-301F-11D3-BF4B-00C04F79EFBC}") = "UserService", "Services\UserService\UserService.csproj", "{972987A1-F023-4241-A35A-13ED44B0FBA3}"
EndProject
Project("{FAE04EC0-301F-11D3-BF4B-00C04F79EFBC}") = "Core", "Common\Core\Core.csproj", "{EEB7FD65-0EEB-4DD6-BDC0-658A9729EDCA}"
EndProject
Project("{FAE04EC0-301F-11D3-BF4B-00C04F79EFBC}") = "UserService.Tests", "Tests\Services\UserService.Tests\UserService.Tests.csproj", "{A26FBFA7-1E4D-40BD-B14E-69C8426C2E47}"
EndProject
Project("{2150E333-8FDC-42A3-9474-1A3956D46DE8}") = "API", "API", "{44D99E00-2CFF-4717-87A7-13B17B267DA5}"
EndProject
Project("{FAE04EC0-301F-11D3-BF4B-00C04F79EFBC}") = "WebApi.Tests", "Tests\API\WebApi.Tests\WebApi.Tests.csproj", "{3218297A-90F1-4EBC-8831-1B595F82253E}"
EndProject
Project("{2150E333-8FDC-42A3-9474-1A3956D46DE8}") = "Certificates", "Certificates", "{F026E791-0600-4500-98D4-1DBEC59DF278}"
	ProjectSection(SolutionItems) = preProject
		Solution Items\Certificates\Dev.DataOnboarding.pfx = Solution Items\Certificates\Dev.DataOnboarding.pfx
	EndProjectSection
EndProject
Project("{FAE04EC0-301F-11D3-BF4B-00C04F79EFBC}") = "FileService", "Services\FileService\FileService.csproj", "{5A78E823-D27F-4853-937C-4040B9506200}"
EndProject
Project("{FAE04EC0-301F-11D3-BF4B-00C04F79EFBC}") = "RepositoriesService", "Services\RepositoriesService\RepositoriesService.csproj", "{D058AEEF-82D4-47CB-8E18-AF0CB729AB10}"
EndProject
Project("{FAE04EC0-301F-11D3-BF4B-00C04F79EFBC}") = "RepositoryAdapters", "Repository Adapters\RepositoryAdapters\RepositoryAdapters.csproj", "{BBECCC9D-274A-4D00-9CF8-C1B0FB7D0348}"
EndProject
Project("{FAE04EC0-301F-11D3-BF4B-00C04F79EFBC}") = "FileService.Tests", "Tests\Services\FileService.Tests\FileService.Tests.csproj", "{E23DFC9C-024D-4C13-8159-F3E7A2C71B3A}"
EndProject
Project("{FAE04EC0-301F-11D3-BF4B-00C04F79EFBC}") = "RepositoryService.Tests", "Tests\Services\RepositoryService.Tests\RepositoryService.Tests.csproj", "{3F162B0C-7C14-46E3-992B-AA85925E6F36}"
EndProject
Project("{2150E333-8FDC-42A3-9474-1A3956D46DE8}") = "Repository Adapters", "Repository Adapters", "{6D1347C1-A85A-48CB-8691-3CC02F0408B8}"
EndProject
Project("{FAE04EC0-301F-11D3-BF4B-00C04F79EFBC}") = "RepositoryAdapters.Tests", "Tests\Repository Adapters\RepositoryAdapters.Tests\RepositoryAdapters.Tests.csproj", "{C70404A4-9DFA-4841-BABA-17905411471B}"
EndProject
Project("{FAE04EC0-301F-11D3-BF4B-00C04F79EFBC}") = "FilePurgeService", "Services\FilePurgeService\FilePurgeService.csproj", "{3AC2E2B8-39EB-41D5-8143-1EC157250EC5}"
EndProject
Project("{FAE04EC0-301F-11D3-BF4B-00C04F79EFBC}") = "FilePurgeService.Tests", "Tests\Services\FilePurgeService.Tests\FilePurgeService.Tests.csproj", "{19BBE8EF-6146-4D17-B9D5-57074C1A6BC9}"
EndProject
Project("{FAE04EC0-301F-11D3-BF4B-00C04F79EFBC}") = "QCService", "Services\QCService\QCService.csproj", "{B1C7D21F-1D8D-4452-95D8-7D8E73D8FC71}"
EndProject
Project("{FAE04EC0-301F-11D3-BF4B-00C04F79EFBC}") = "PublishProcessor", "Services\PublishProcessor\PublishProcessor.csproj", "{A27AB714-5425-4EAD-B6D8-7B9A2C512E59}"
EndProject
Project("{FAE04EC0-301F-11D3-BF4B-00C04F79EFBC}") = "QueueService", "Services\QueueService\QueueService.csproj", "{7ED95CB9-711C-484B-8A7C-D02EE2456336}"
EndProject
Project("{FAE04EC0-301F-11D3-BF4B-00C04F79EFBC}") = "QueueService.Tests", "Tests\Services\QueueService.Tests\QueueService.Tests.csproj", "{8A3EF7E1-AF0C-42F1-A354-859A8CB5915B}"
EndProject
Project("{FAE04EC0-301F-11D3-BF4B-00C04F79EFBC}") = "QCService.Tests", "Tests\Services\QCService.Tests\QCService.Tests.csproj", "{5ED71D77-CE6E-4A4F-8CAA-0BD805573D31}"
EndProject
Project("{2150E333-8FDC-42A3-9474-1A3956D46DE8}") = "Libs", "Libs", "{309E97EE-4012-468D-AC29-E7897A17EE60}"
EndProject
Project("{2150E333-8FDC-42A3-9474-1A3956D46DE8}") = "Inetsrv", "Inetsrv", "{085C1FBF-C826-4412-894C-9F177557B7AD}"
EndProject
Project("{2150E333-8FDC-42A3-9474-1A3956D46DE8}") = "Microsoft.Web.Administration", "Microsoft.Web.Administration", "{21CE681E-5506-4A9C-AA3A-3A344CFC08A9}"
EndProject
Project("{2150E333-8FDC-42A3-9474-1A3956D46DE8}") = "7.0.0.0", "7.0.0.0", "{6D96E7B5-AAB9-4CCB-9F9A-951305AFE9DA}"
EndProject
Project("{2150E333-8FDC-42A3-9474-1A3956D46DE8}") = "7.9.0.0", "7.9.0.0", "{651FFBA8-7CCB-48B3-8A48-C941F840E517}"
EndProject
Global
	GlobalSection(SolutionConfigurationPlatforms) = preSolution
		Debug|Any CPU = Debug|Any CPU
		Dev|Any CPU = Dev|Any CPU
		Release|Any CPU = Release|Any CPU
	EndGlobalSection
	GlobalSection(ProjectConfigurationPlatforms) = postSolution
		{999738E8-4882-49CE-AAF2-461393746066}.Debug|Any CPU.ActiveCfg = Debug|Any CPU
		{999738E8-4882-49CE-AAF2-461393746066}.Debug|Any CPU.Build.0 = Debug|Any CPU
		{999738E8-4882-49CE-AAF2-461393746066}.Debug|Any CPU.Deploy.0 = Debug|Any CPU
		{999738E8-4882-49CE-AAF2-461393746066}.Dev|Any CPU.ActiveCfg = Dev|Any CPU
		{999738E8-4882-49CE-AAF2-461393746066}.Dev|Any CPU.Build.0 = Dev|Any CPU
		{999738E8-4882-49CE-AAF2-461393746066}.Dev|Any CPU.Deploy.0 = Dev|Any CPU
		{999738E8-4882-49CE-AAF2-461393746066}.Release|Any CPU.ActiveCfg = Release|Any CPU
		{999738E8-4882-49CE-AAF2-461393746066}.Release|Any CPU.Build.0 = Release|Any CPU
		{999738E8-4882-49CE-AAF2-461393746066}.Release|Any CPU.Deploy.0 = Release|Any CPU
		{26615D0B-8889-42A3-ADDB-7627E22CA481}.Debug|Any CPU.ActiveCfg = Debug|Any CPU
		{26615D0B-8889-42A3-ADDB-7627E22CA481}.Debug|Any CPU.Build.0 = Debug|Any CPU
		{26615D0B-8889-42A3-ADDB-7627E22CA481}.Dev|Any CPU.ActiveCfg = Dev|Any CPU
		{26615D0B-8889-42A3-ADDB-7627E22CA481}.Dev|Any CPU.Build.0 = Dev|Any CPU
		{26615D0B-8889-42A3-ADDB-7627E22CA481}.Release|Any CPU.ActiveCfg = Release|Any CPU
		{26615D0B-8889-42A3-ADDB-7627E22CA481}.Release|Any CPU.Build.0 = Release|Any CPU
		{2C74B1B3-AF59-46FC-AEE3-F72AC23FC1E4}.Debug|Any CPU.ActiveCfg = Debug|Any CPU
		{2C74B1B3-AF59-46FC-AEE3-F72AC23FC1E4}.Debug|Any CPU.Build.0 = Debug|Any CPU
		{2C74B1B3-AF59-46FC-AEE3-F72AC23FC1E4}.Dev|Any CPU.ActiveCfg = Dev|Any CPU
		{2C74B1B3-AF59-46FC-AEE3-F72AC23FC1E4}.Dev|Any CPU.Build.0 = Dev|Any CPU
		{2C74B1B3-AF59-46FC-AEE3-F72AC23FC1E4}.Release|Any CPU.ActiveCfg = Release|Any CPU
		{2C74B1B3-AF59-46FC-AEE3-F72AC23FC1E4}.Release|Any CPU.Build.0 = Release|Any CPU
		{8EFE8EDF-6F25-48EE-81F8-267823D057A5}.Debug|Any CPU.ActiveCfg = Debug|Any CPU
		{8EFE8EDF-6F25-48EE-81F8-267823D057A5}.Debug|Any CPU.Build.0 = Debug|Any CPU
		{8EFE8EDF-6F25-48EE-81F8-267823D057A5}.Dev|Any CPU.ActiveCfg = Dev|Any CPU
		{8EFE8EDF-6F25-48EE-81F8-267823D057A5}.Dev|Any CPU.Build.0 = Dev|Any CPU
		{8EFE8EDF-6F25-48EE-81F8-267823D057A5}.Release|Any CPU.ActiveCfg = Release|Any CPU
		{8EFE8EDF-6F25-48EE-81F8-267823D057A5}.Release|Any CPU.Build.0 = Release|Any CPU
		{1DBA5D99-3EEA-493D-87EF-70EEBC09B20A}.Debug|Any CPU.ActiveCfg = Debug|Any CPU
		{1DBA5D99-3EEA-493D-87EF-70EEBC09B20A}.Debug|Any CPU.Build.0 = Debug|Any CPU
		{1DBA5D99-3EEA-493D-87EF-70EEBC09B20A}.Dev|Any CPU.ActiveCfg = Dev|Any CPU
		{1DBA5D99-3EEA-493D-87EF-70EEBC09B20A}.Dev|Any CPU.Build.0 = Dev|Any CPU
		{1DBA5D99-3EEA-493D-87EF-70EEBC09B20A}.Release|Any CPU.ActiveCfg = Release|Any CPU
		{1DBA5D99-3EEA-493D-87EF-70EEBC09B20A}.Release|Any CPU.Build.0 = Release|Any CPU
		{9BC3BC63-4E32-4DEE-B5A9-37F06B6A49B7}.Debug|Any CPU.ActiveCfg = Debug|Any CPU
		{9BC3BC63-4E32-4DEE-B5A9-37F06B6A49B7}.Debug|Any CPU.Build.0 = Debug|Any CPU
		{9BC3BC63-4E32-4DEE-B5A9-37F06B6A49B7}.Dev|Any CPU.ActiveCfg = Dev|Any CPU
		{9BC3BC63-4E32-4DEE-B5A9-37F06B6A49B7}.Dev|Any CPU.Build.0 = Dev|Any CPU
		{9BC3BC63-4E32-4DEE-B5A9-37F06B6A49B7}.Release|Any CPU.ActiveCfg = Release|Any CPU
		{9BC3BC63-4E32-4DEE-B5A9-37F06B6A49B7}.Release|Any CPU.Build.0 = Release|Any CPU
		{02E013E2-D27B-44D6-8173-1C2FBE8FE260}.Debug|Any CPU.ActiveCfg = Debug|Any CPU
		{02E013E2-D27B-44D6-8173-1C2FBE8FE260}.Debug|Any CPU.Build.0 = Debug|Any CPU
		{02E013E2-D27B-44D6-8173-1C2FBE8FE260}.Dev|Any CPU.ActiveCfg = Dev|Any CPU
		{02E013E2-D27B-44D6-8173-1C2FBE8FE260}.Dev|Any CPU.Build.0 = Dev|Any CPU
		{02E013E2-D27B-44D6-8173-1C2FBE8FE260}.Release|Any CPU.ActiveCfg = Release|Any CPU
		{02E013E2-D27B-44D6-8173-1C2FBE8FE260}.Release|Any CPU.Build.0 = Release|Any CPU
		{8C279B38-EC17-4D70-8978-0F1FF8FEA308}.Debug|Any CPU.ActiveCfg = Debug|Any CPU
		{8C279B38-EC17-4D70-8978-0F1FF8FEA308}.Debug|Any CPU.Build.0 = Debug|Any CPU
		{8C279B38-EC17-4D70-8978-0F1FF8FEA308}.Dev|Any CPU.ActiveCfg = Dev|Any CPU
		{8C279B38-EC17-4D70-8978-0F1FF8FEA308}.Dev|Any CPU.Build.0 = Dev|Any CPU
		{8C279B38-EC17-4D70-8978-0F1FF8FEA308}.Release|Any CPU.ActiveCfg = Release|Any CPU
		{8C279B38-EC17-4D70-8978-0F1FF8FEA308}.Release|Any CPU.Build.0 = Release|Any CPU
		{41EB90B9-350C-425C-BE3E-08D5F963F24B}.Debug|Any CPU.ActiveCfg = Debug|Any CPU
		{41EB90B9-350C-425C-BE3E-08D5F963F24B}.Debug|Any CPU.Build.0 = Debug|Any CPU
		{41EB90B9-350C-425C-BE3E-08D5F963F24B}.Dev|Any CPU.ActiveCfg = Dev|Any CPU
		{41EB90B9-350C-425C-BE3E-08D5F963F24B}.Dev|Any CPU.Build.0 = Dev|Any CPU
		{41EB90B9-350C-425C-BE3E-08D5F963F24B}.Release|Any CPU.ActiveCfg = Release|Any CPU
		{41EB90B9-350C-425C-BE3E-08D5F963F24B}.Release|Any CPU.Build.0 = Release|Any CPU
		{79631674-DC70-46A9-A2C5-B36872C34D2F}.Debug|Any CPU.ActiveCfg = Debug|Any CPU
		{79631674-DC70-46A9-A2C5-B36872C34D2F}.Debug|Any CPU.Build.0 = Debug|Any CPU
		{79631674-DC70-46A9-A2C5-B36872C34D2F}.Dev|Any CPU.ActiveCfg = Dev|Any CPU
		{79631674-DC70-46A9-A2C5-B36872C34D2F}.Dev|Any CPU.Build.0 = Dev|Any CPU
		{79631674-DC70-46A9-A2C5-B36872C34D2F}.Release|Any CPU.ActiveCfg = Release|Any CPU
		{79631674-DC70-46A9-A2C5-B36872C34D2F}.Release|Any CPU.Build.0 = Release|Any CPU
		{BB7F0370-2B54-4340-9C78-10813BC4CF7D}.Debug|Any CPU.ActiveCfg = Debug|Any CPU
		{BB7F0370-2B54-4340-9C78-10813BC4CF7D}.Debug|Any CPU.Build.0 = Debug|Any CPU
		{BB7F0370-2B54-4340-9C78-10813BC4CF7D}.Dev|Any CPU.ActiveCfg = Dev|Any CPU
		{BB7F0370-2B54-4340-9C78-10813BC4CF7D}.Dev|Any CPU.Build.0 = Dev|Any CPU
		{BB7F0370-2B54-4340-9C78-10813BC4CF7D}.Release|Any CPU.ActiveCfg = Release|Any CPU
		{BB7F0370-2B54-4340-9C78-10813BC4CF7D}.Release|Any CPU.Build.0 = Release|Any CPU
		{972987A1-F023-4241-A35A-13ED44B0FBA3}.Debug|Any CPU.ActiveCfg = Debug|Any CPU
		{972987A1-F023-4241-A35A-13ED44B0FBA3}.Debug|Any CPU.Build.0 = Debug|Any CPU
		{972987A1-F023-4241-A35A-13ED44B0FBA3}.Dev|Any CPU.ActiveCfg = Dev|Any CPU
		{972987A1-F023-4241-A35A-13ED44B0FBA3}.Dev|Any CPU.Build.0 = Dev|Any CPU
		{972987A1-F023-4241-A35A-13ED44B0FBA3}.Release|Any CPU.ActiveCfg = Release|Any CPU
		{972987A1-F023-4241-A35A-13ED44B0FBA3}.Release|Any CPU.Build.0 = Release|Any CPU
		{EEB7FD65-0EEB-4DD6-BDC0-658A9729EDCA}.Debug|Any CPU.ActiveCfg = Debug|Any CPU
		{EEB7FD65-0EEB-4DD6-BDC0-658A9729EDCA}.Debug|Any CPU.Build.0 = Debug|Any CPU
		{EEB7FD65-0EEB-4DD6-BDC0-658A9729EDCA}.Dev|Any CPU.ActiveCfg = Dev|Any CPU
		{EEB7FD65-0EEB-4DD6-BDC0-658A9729EDCA}.Dev|Any CPU.Build.0 = Dev|Any CPU
		{EEB7FD65-0EEB-4DD6-BDC0-658A9729EDCA}.Release|Any CPU.ActiveCfg = Release|Any CPU
		{EEB7FD65-0EEB-4DD6-BDC0-658A9729EDCA}.Release|Any CPU.Build.0 = Release|Any CPU
		{A26FBFA7-1E4D-40BD-B14E-69C8426C2E47}.Debug|Any CPU.ActiveCfg = Debug|Any CPU
		{A26FBFA7-1E4D-40BD-B14E-69C8426C2E47}.Debug|Any CPU.Build.0 = Debug|Any CPU
		{A26FBFA7-1E4D-40BD-B14E-69C8426C2E47}.Dev|Any CPU.ActiveCfg = Dev|Any CPU
		{A26FBFA7-1E4D-40BD-B14E-69C8426C2E47}.Dev|Any CPU.Build.0 = Dev|Any CPU
		{A26FBFA7-1E4D-40BD-B14E-69C8426C2E47}.Release|Any CPU.ActiveCfg = Release|Any CPU
		{A26FBFA7-1E4D-40BD-B14E-69C8426C2E47}.Release|Any CPU.Build.0 = Release|Any CPU
		{3218297A-90F1-4EBC-8831-1B595F82253E}.Debug|Any CPU.ActiveCfg = Debug|Any CPU
		{3218297A-90F1-4EBC-8831-1B595F82253E}.Debug|Any CPU.Build.0 = Debug|Any CPU
		{3218297A-90F1-4EBC-8831-1B595F82253E}.Dev|Any CPU.ActiveCfg = Dev|Any CPU
		{3218297A-90F1-4EBC-8831-1B595F82253E}.Dev|Any CPU.Build.0 = Dev|Any CPU
		{3218297A-90F1-4EBC-8831-1B595F82253E}.Release|Any CPU.ActiveCfg = Release|Any CPU
		{3218297A-90F1-4EBC-8831-1B595F82253E}.Release|Any CPU.Build.0 = Release|Any CPU
		{5A78E823-D27F-4853-937C-4040B9506200}.Debug|Any CPU.ActiveCfg = Debug|Any CPU
		{5A78E823-D27F-4853-937C-4040B9506200}.Debug|Any CPU.Build.0 = Debug|Any CPU
		{5A78E823-D27F-4853-937C-4040B9506200}.Dev|Any CPU.ActiveCfg = Dev|Any CPU
		{5A78E823-D27F-4853-937C-4040B9506200}.Dev|Any CPU.Build.0 = Dev|Any CPU
		{5A78E823-D27F-4853-937C-4040B9506200}.Release|Any CPU.ActiveCfg = Release|Any CPU
		{5A78E823-D27F-4853-937C-4040B9506200}.Release|Any CPU.Build.0 = Release|Any CPU
		{D058AEEF-82D4-47CB-8E18-AF0CB729AB10}.Debug|Any CPU.ActiveCfg = Debug|Any CPU
		{D058AEEF-82D4-47CB-8E18-AF0CB729AB10}.Debug|Any CPU.Build.0 = Debug|Any CPU
		{D058AEEF-82D4-47CB-8E18-AF0CB729AB10}.Dev|Any CPU.ActiveCfg = Dev|Any CPU
		{D058AEEF-82D4-47CB-8E18-AF0CB729AB10}.Dev|Any CPU.Build.0 = Dev|Any CPU
		{D058AEEF-82D4-47CB-8E18-AF0CB729AB10}.Release|Any CPU.ActiveCfg = Release|Any CPU
		{D058AEEF-82D4-47CB-8E18-AF0CB729AB10}.Release|Any CPU.Build.0 = Release|Any CPU
		{BBECCC9D-274A-4D00-9CF8-C1B0FB7D0348}.Debug|Any CPU.ActiveCfg = Debug|Any CPU
		{BBECCC9D-274A-4D00-9CF8-C1B0FB7D0348}.Debug|Any CPU.Build.0 = Debug|Any CPU
		{BBECCC9D-274A-4D00-9CF8-C1B0FB7D0348}.Dev|Any CPU.ActiveCfg = Dev|Any CPU
		{BBECCC9D-274A-4D00-9CF8-C1B0FB7D0348}.Dev|Any CPU.Build.0 = Dev|Any CPU
		{BBECCC9D-274A-4D00-9CF8-C1B0FB7D0348}.Release|Any CPU.ActiveCfg = Release|Any CPU
		{BBECCC9D-274A-4D00-9CF8-C1B0FB7D0348}.Release|Any CPU.Build.0 = Release|Any CPU
		{E23DFC9C-024D-4C13-8159-F3E7A2C71B3A}.Debug|Any CPU.ActiveCfg = Debug|Any CPU
		{E23DFC9C-024D-4C13-8159-F3E7A2C71B3A}.Debug|Any CPU.Build.0 = Debug|Any CPU
		{E23DFC9C-024D-4C13-8159-F3E7A2C71B3A}.Dev|Any CPU.ActiveCfg = Dev|Any CPU
		{E23DFC9C-024D-4C13-8159-F3E7A2C71B3A}.Dev|Any CPU.Build.0 = Dev|Any CPU
		{E23DFC9C-024D-4C13-8159-F3E7A2C71B3A}.Release|Any CPU.ActiveCfg = Release|Any CPU
		{E23DFC9C-024D-4C13-8159-F3E7A2C71B3A}.Release|Any CPU.Build.0 = Release|Any CPU
		{3F162B0C-7C14-46E3-992B-AA85925E6F36}.Debug|Any CPU.ActiveCfg = Debug|Any CPU
		{3F162B0C-7C14-46E3-992B-AA85925E6F36}.Debug|Any CPU.Build.0 = Debug|Any CPU
		{3F162B0C-7C14-46E3-992B-AA85925E6F36}.Dev|Any CPU.ActiveCfg = Dev|Any CPU
		{3F162B0C-7C14-46E3-992B-AA85925E6F36}.Dev|Any CPU.Build.0 = Dev|Any CPU
		{3F162B0C-7C14-46E3-992B-AA85925E6F36}.Release|Any CPU.ActiveCfg = Release|Any CPU
		{3F162B0C-7C14-46E3-992B-AA85925E6F36}.Release|Any CPU.Build.0 = Release|Any CPU
		{C70404A4-9DFA-4841-BABA-17905411471B}.Debug|Any CPU.ActiveCfg = Debug|Any CPU
		{C70404A4-9DFA-4841-BABA-17905411471B}.Debug|Any CPU.Build.0 = Debug|Any CPU
		{C70404A4-9DFA-4841-BABA-17905411471B}.Dev|Any CPU.ActiveCfg = Dev|Any CPU
		{C70404A4-9DFA-4841-BABA-17905411471B}.Dev|Any CPU.Build.0 = Dev|Any CPU
		{C70404A4-9DFA-4841-BABA-17905411471B}.Release|Any CPU.ActiveCfg = Release|Any CPU
		{C70404A4-9DFA-4841-BABA-17905411471B}.Release|Any CPU.Build.0 = Release|Any CPU
		{3AC2E2B8-39EB-41D5-8143-1EC157250EC5}.Debug|Any CPU.ActiveCfg = Debug|Any CPU
		{3AC2E2B8-39EB-41D5-8143-1EC157250EC5}.Debug|Any CPU.Build.0 = Debug|Any CPU
		{3AC2E2B8-39EB-41D5-8143-1EC157250EC5}.Dev|Any CPU.ActiveCfg = Dev|Any CPU
		{3AC2E2B8-39EB-41D5-8143-1EC157250EC5}.Dev|Any CPU.Build.0 = Dev|Any CPU
		{3AC2E2B8-39EB-41D5-8143-1EC157250EC5}.Release|Any CPU.ActiveCfg = Release|Any CPU
		{3AC2E2B8-39EB-41D5-8143-1EC157250EC5}.Release|Any CPU.Build.0 = Release|Any CPU
		{19BBE8EF-6146-4D17-B9D5-57074C1A6BC9}.Debug|Any CPU.ActiveCfg = Debug|Any CPU
		{19BBE8EF-6146-4D17-B9D5-57074C1A6BC9}.Debug|Any CPU.Build.0 = Debug|Any CPU
		{19BBE8EF-6146-4D17-B9D5-57074C1A6BC9}.Dev|Any CPU.ActiveCfg = Dev|Any CPU
		{19BBE8EF-6146-4D17-B9D5-57074C1A6BC9}.Dev|Any CPU.Build.0 = Dev|Any CPU
		{19BBE8EF-6146-4D17-B9D5-57074C1A6BC9}.Release|Any CPU.ActiveCfg = Release|Any CPU
		{19BBE8EF-6146-4D17-B9D5-57074C1A6BC9}.Release|Any CPU.Build.0 = Release|Any CPU
		{B1C7D21F-1D8D-4452-95D8-7D8E73D8FC71}.Debug|Any CPU.ActiveCfg = Debug|Any CPU
		{B1C7D21F-1D8D-4452-95D8-7D8E73D8FC71}.Debug|Any CPU.Build.0 = Debug|Any CPU
		{B1C7D21F-1D8D-4452-95D8-7D8E73D8FC71}.Dev|Any CPU.ActiveCfg = Dev|Any CPU
		{B1C7D21F-1D8D-4452-95D8-7D8E73D8FC71}.Dev|Any CPU.Build.0 = Dev|Any CPU
		{B1C7D21F-1D8D-4452-95D8-7D8E73D8FC71}.Release|Any CPU.ActiveCfg = Release|Any CPU
		{B1C7D21F-1D8D-4452-95D8-7D8E73D8FC71}.Release|Any CPU.Build.0 = Release|Any CPU
		{A27AB714-5425-4EAD-B6D8-7B9A2C512E59}.Debug|Any CPU.ActiveCfg = Debug|Any CPU
		{A27AB714-5425-4EAD-B6D8-7B9A2C512E59}.Debug|Any CPU.Build.0 = Debug|Any CPU
		{A27AB714-5425-4EAD-B6D8-7B9A2C512E59}.Dev|Any CPU.ActiveCfg = Dev|Any CPU
		{A27AB714-5425-4EAD-B6D8-7B9A2C512E59}.Dev|Any CPU.Build.0 = Dev|Any CPU
		{A27AB714-5425-4EAD-B6D8-7B9A2C512E59}.Release|Any CPU.ActiveCfg = Release|Any CPU
		{A27AB714-5425-4EAD-B6D8-7B9A2C512E59}.Release|Any CPU.Build.0 = Release|Any CPU
		{7ED95CB9-711C-484B-8A7C-D02EE2456336}.Debug|Any CPU.ActiveCfg = Debug|Any CPU
		{7ED95CB9-711C-484B-8A7C-D02EE2456336}.Debug|Any CPU.Build.0 = Debug|Any CPU
		{7ED95CB9-711C-484B-8A7C-D02EE2456336}.Dev|Any CPU.ActiveCfg = Dev|Any CPU
		{7ED95CB9-711C-484B-8A7C-D02EE2456336}.Dev|Any CPU.Build.0 = Dev|Any CPU
		{7ED95CB9-711C-484B-8A7C-D02EE2456336}.Release|Any CPU.ActiveCfg = Release|Any CPU
		{7ED95CB9-711C-484B-8A7C-D02EE2456336}.Release|Any CPU.Build.0 = Release|Any CPU
		{8A3EF7E1-AF0C-42F1-A354-859A8CB5915B}.Debug|Any CPU.ActiveCfg = Debug|Any CPU
		{8A3EF7E1-AF0C-42F1-A354-859A8CB5915B}.Debug|Any CPU.Build.0 = Debug|Any CPU
		{8A3EF7E1-AF0C-42F1-A354-859A8CB5915B}.Dev|Any CPU.ActiveCfg = Dev|Any CPU
		{8A3EF7E1-AF0C-42F1-A354-859A8CB5915B}.Dev|Any CPU.Build.0 = Dev|Any CPU
		{8A3EF7E1-AF0C-42F1-A354-859A8CB5915B}.Release|Any CPU.ActiveCfg = Release|Any CPU
		{8A3EF7E1-AF0C-42F1-A354-859A8CB5915B}.Release|Any CPU.Build.0 = Release|Any CPU
		{5ED71D77-CE6E-4A4F-8CAA-0BD805573D31}.Debug|Any CPU.ActiveCfg = Debug|Any CPU
		{5ED71D77-CE6E-4A4F-8CAA-0BD805573D31}.Debug|Any CPU.Build.0 = Debug|Any CPU
		{5ED71D77-CE6E-4A4F-8CAA-0BD805573D31}.Dev|Any CPU.ActiveCfg = Dev|Any CPU
		{5ED71D77-CE6E-4A4F-8CAA-0BD805573D31}.Dev|Any CPU.Build.0 = Dev|Any CPU
		{5ED71D77-CE6E-4A4F-8CAA-0BD805573D31}.Release|Any CPU.ActiveCfg = Release|Any CPU
		{5ED71D77-CE6E-4A4F-8CAA-0BD805573D31}.Release|Any CPU.Build.0 = Release|Any CPU
	EndGlobalSection
	GlobalSection(SolutionProperties) = preSolution
		HideSolutionNode = FALSE
	EndGlobalSection
	GlobalSection(NestedProjects) = preSolution
		{F026E791-0600-4500-98D4-1DBEC59DF278} = {BF27E84F-9CD0-4828-80AB-244C034D2403}
		{26615D0B-8889-42A3-ADDB-7627E22CA481} = {E8FF3710-A9EE-43E9-B9D1-6504423E80CF}
		{2C74B1B3-AF59-46FC-AEE3-F72AC23FC1E4} = {E8FF3710-A9EE-43E9-B9D1-6504423E80CF}
		{999738E8-4882-49CE-AAF2-461393746066} = {8525CF6E-FF10-4788-BADF-E9ED31EFA477}
		{4C999D75-17F7-4692-96BD-6C29EFBC3B7B} = {0A14EE35-D855-4FE8-885B-6A8AD84251DF}
		{58EFB54D-0561-499B-A2BC-A1409AA4ACCA} = {0A14EE35-D855-4FE8-885B-6A8AD84251DF}
		{BB7F0370-2B54-4340-9C78-10813BC4CF7D} = {0A14EE35-D855-4FE8-885B-6A8AD84251DF}
		{44D99E00-2CFF-4717-87A7-13B17B267DA5} = {0A14EE35-D855-4FE8-885B-6A8AD84251DF}
		{6D1347C1-A85A-48CB-8691-3CC02F0408B8} = {0A14EE35-D855-4FE8-885B-6A8AD84251DF}
		{8C279B38-EC17-4D70-8978-0F1FF8FEA308} = {6C05777E-B33D-4DE1-8CC3-6338343C9880}
		{EEB7FD65-0EEB-4DD6-BDC0-658A9729EDCA} = {6C05777E-B33D-4DE1-8CC3-6338343C9880}
		{BBECCC9D-274A-4D00-9CF8-C1B0FB7D0348} = {C7C5BEFB-3230-4DC6-AB86-C22FC300EEEB}
		{9BC3BC63-4E32-4DEE-B5A9-37F06B6A49B7} = {DAEA2902-DC6D-4D3C-8FAB-E9A387D403DB}
		{1DBA5D99-3EEA-493D-87EF-70EEBC09B20A} = {006967D5-AAEC-4054-851E-8EF0A61D1817}
		{8EFE8EDF-6F25-48EE-81F8-267823D057A5} = {35C965E4-5A9F-40F5-87B6-CD85E72143DC}
		{02E013E2-D27B-44D6-8173-1C2FBE8FE260} = {88617705-E117-4C86-AE4E-CD467269DA5E}
		{972987A1-F023-4241-A35A-13ED44B0FBA3} = {88617705-E117-4C86-AE4E-CD467269DA5E}
		{5A78E823-D27F-4853-937C-4040B9506200} = {88617705-E117-4C86-AE4E-CD467269DA5E}
		{D058AEEF-82D4-47CB-8E18-AF0CB729AB10} = {88617705-E117-4C86-AE4E-CD467269DA5E}
		{3AC2E2B8-39EB-41D5-8143-1EC157250EC5} = {88617705-E117-4C86-AE4E-CD467269DA5E}
		{B1C7D21F-1D8D-4452-95D8-7D8E73D8FC71} = {88617705-E117-4C86-AE4E-CD467269DA5E}
		{A27AB714-5425-4EAD-B6D8-7B9A2C512E59} = {88617705-E117-4C86-AE4E-CD467269DA5E}
		{7ED95CB9-711C-484B-8A7C-D02EE2456336} = {88617705-E117-4C86-AE4E-CD467269DA5E}
		{41EB90B9-350C-425C-BE3E-08D5F963F24B} = {4C999D75-17F7-4692-96BD-6C29EFBC3B7B}
		{79631674-DC70-46A9-A2C5-B36872C34D2F} = {58EFB54D-0561-499B-A2BC-A1409AA4ACCA}
		{A26FBFA7-1E4D-40BD-B14E-69C8426C2E47} = {58EFB54D-0561-499B-A2BC-A1409AA4ACCA}
		{E23DFC9C-024D-4C13-8159-F3E7A2C71B3A} = {58EFB54D-0561-499B-A2BC-A1409AA4ACCA}
		{3F162B0C-7C14-46E3-992B-AA85925E6F36} = {58EFB54D-0561-499B-A2BC-A1409AA4ACCA}
		{19BBE8EF-6146-4D17-B9D5-57074C1A6BC9} = {58EFB54D-0561-499B-A2BC-A1409AA4ACCA}
		{8A3EF7E1-AF0C-42F1-A354-859A8CB5915B} = {58EFB54D-0561-499B-A2BC-A1409AA4ACCA}
		{5ED71D77-CE6E-4A4F-8CAA-0BD805573D31} = {58EFB54D-0561-499B-A2BC-A1409AA4ACCA}
		{3218297A-90F1-4EBC-8831-1B595F82253E} = {44D99E00-2CFF-4717-87A7-13B17B267DA5}
		{C70404A4-9DFA-4841-BABA-17905411471B} = {6D1347C1-A85A-48CB-8691-3CC02F0408B8}
		{085C1FBF-C826-4412-894C-9F177557B7AD} = {309E97EE-4012-468D-AC29-E7897A17EE60}
		{21CE681E-5506-4A9C-AA3A-3A344CFC08A9} = {085C1FBF-C826-4412-894C-9F177557B7AD}
		{6D96E7B5-AAB9-4CCB-9F9A-951305AFE9DA} = {21CE681E-5506-4A9C-AA3A-3A344CFC08A9}
		{651FFBA8-7CCB-48B3-8A48-C941F840E517} = {21CE681E-5506-4A9C-AA3A-3A344CFC08A9}
	EndGlobalSection
EndGlobal
